
Microsoft Visual Studio Solution File, Format Version 12.00
# Visual Studio Version 16
VisualStudioVersion = 16.0.31624.102
MinimumVisualStudioVersion = 10.0.40219.1
Project("{FAE04EC0-301F-11D3-BF4B-00C04F79EFBC}") = "TheWoodlands", "TheWoodlands\TheWoodlands.csproj", "{2BE067AC-131A-460E-B92C-FF643FDF7791}"
EndProject
Global
	GlobalSection(SolutionConfigurationPlatforms) = preSolution
		Debug|Any CPU = Debug|Any CPU
		Release|Any CPU = Release|Any CPU
	EndGlobalSection
	GlobalSection(ProjectConfigurationPlatforms) = postSolution
		{2BE067AC-131A-460E-B92C-FF643FDF7791}.Debug|Any CPU.ActiveCfg = Debug|Any CPU
		{2BE067AC-131A-460E-B92C-FF643FDF7791}.Debug|Any CPU.Build.0 = Debug|Any CPU
		{2BE067AC-131A-460E-B92C-FF643FDF7791}.Release|Any CPU.ActiveCfg = Release|Any CPU
		{2BE067AC-131A-460E-B92C-FF643FDF7791}.Release|Any CPU.Build.0 = Release|Any CPU
	EndGlobalSection
	GlobalSection(SolutionProperties) = preSolution
		HideSolutionNode = FALSE
	EndGlobalSection
	GlobalSection(ExtensibilityGlobals) = postSolution
		SolutionGuid = {8DF66AE4-26FB-4598-AC0B-56AEE15E3252}
	EndGlobalSection
EndGlobal
